<?xml version="1.0" encoding="UTF-8" standalone="yes" ?>
<CodeBlocks_project_file>
	<FileVersion major="1" minor="6" />
	<Project>
		<Option title="Surveillance" />
		<Option pch_mode="2" />
		<Option compiler="gcc" />
		<Build>
			<Target title="default">
				<Option output="Surveillance" prefix_auto="1" extension_auto="1" />
				<Option type="1" />
				<Option compiler="gcc" />
				<Option use_console_runner="0" />
				<Compiler>
					<Add directory="include" />
				</Compiler>
			</Target>
		</Build>
		<Compiler>
			<Add option="-Wshadow" />
			<Add option="-std=c++11" />
			<Add option="-Wall" />
			<Add directory="include" />
		</Compiler>
		<Linker>
			<Add library="allegro" />
			<Add library="allegro_image" />
		</Linker>
		<Unit filename="include/character.h" />
		<Unit filename="include/datastructures.h" />
		<Unit filename="include/engine.h" />
		<Unit filename="include/entity.h" />
		<Unit filename="include/gamestate.h" />
		<Unit filename="include/global_constants.h" />
		<Unit filename="include/inputcatcher.h" />
		<Unit filename="include/json.hpp" />
		<Unit filename="include/map.h" />
		<Unit filename="include/maskloader.h" />
		<Unit filename="include/mccree.h" />
		<Unit filename="include/movingentity.h" />
		<Unit filename="include/player.h" />
		<Unit filename="include/renderer.h" />
		<Unit filename="include/spriteloader.h" />
		<Unit filename="main.cpp" />
		<Unit filename="src/Heroes/mccree.cpp" />
		<Unit filename="src/character.cpp" />
		<Unit filename="src/engine.cpp" />
		<Unit filename="src/gamestate.cpp" />
		<Unit filename="src/inputcatcher.cpp" />
		<Unit filename="src/map.cpp" />
		<Unit filename="src/maskloader.cpp" />
		<Unit filename="src/movingentity.cpp" />
		<Unit filename="src/player.cpp" />
		<Unit filename="src/renderer.cpp" />
		<Unit filename="src/spriteloader.cpp" />
		<Extensions>
			<code_completion />
			<envvars />
			<debugger />
			<lib_finder disable_auto="1" />
		</Extensions>
	</Project>
</CodeBlocks_project_file>
