<?xml version="1.0" encoding="UTF-8" standalone="yes" ?>
<CodeBlocks_project_file>
	<FileVersion major="1" minor="6" />
	<Project>
		<Option title="Vanguard" />
		<Option pch_mode="2" />
		<Option compiler="gcc" />
		<Build>
			<Target title="default">
				<Option output="Vanguard" prefix_auto="1" extension_auto="1" />
				<Option type="1" />
				<Option compiler="gcc" />
				<Option use_console_runner="0" />
				<Compiler>
					<Add directory="include" />
				</Compiler>
				<Linker>
					<Add library="allegro" />
					<Add library="allegro_image" />
					<Add library="allegro_font" />
					<Add library="allegro_ttf" />
				</Linker>
			</Target>
			<Target title="cross_compilation">
				<Option output="Vanguard" prefix_auto="1" extension_auto="1" />
				<Option type="1" />
				<Option compiler="windows_compiler" />
				<Option use_console_runner="0" />
				<Option projectLinkerOptionsRelation="1" />
				<Compiler>
					<Add directory="include" />
				</Compiler>
				<Linker>
					<Add library="allegro-5.0.10-mt" />
					<Add library="allegro_image-5.0.10-mt" />
				</Linker>
			</Target>
			<Target title="release">
				<Option output="Vanguard" prefix_auto="1" extension_auto="1" />
				<Option type="1" />
				<Option compiler="gcc" />
				<Option use_console_runner="0" />
				<Option projectLinkerOptionsRelation="1" />
				<Compiler>
					<Add directory="include" />
				</Compiler>
				<Linker>
					<Add option="-static-libstdc++" />
					<Add option="-static-libgcc" />
					<Add option="-static" />
					<Add library="allegro_monolith-static" />
					<Add library="jpeg" />
					<Add library="vorbis" />
					<Add library="ogg" />
					<Add library="glu32" />
					<Add library="opengl32" />
					<Add library="freetype" />
					<Add library="png" />
					<Add library="z" />
					<Add library="kernel32" />
					<Add library="user32" />
					<Add library="gdi32" />
					<Add library="comdlg32" />
					<Add library="ole32" />
					<Add library="dinput" />
					<Add library="ddraw" />
					<Add library="dxguid" />
					<Add library="winmm" />
					<Add library="dsound" />
					<Add library="wsock32" />
					<Add library="psapi" />
					<Add library="shlwapi" />
				</Linker>
			</Target>
		</Build>
		<Compiler>
			<Add option="-Wshadow" />
			<Add option="-Wall" />
			<Add option="-std=c++11" />
			<Add directory="include" />
		</Compiler>
		<Linker>
			<Add library="allegro" />
			<Add library="allegro_image" />
		</Linker>
		<Unit filename="include/animation.h" />
		<Unit filename="include/character.h" />
		<Unit filename="include/datastructures.h" />
		<Unit filename="include/engine.h" />
		<Unit filename="include/entity.h" />
		<Unit filename="include/gamestate.h" />
		<Unit filename="include/global_constants.h" />
		<Unit filename="include/inputcatcher.h" />
		<Unit filename="include/json.hpp" />
		<Unit filename="include/map.h" />
		<Unit filename="include/mccree.h" />
		<Unit filename="include/movingentity.h" />
		<Unit filename="include/peacemaker.h" />
		<Unit filename="include/peacemakerbullet.h" />
		<Unit filename="include/player.h" />
		<Unit filename="include/projectile.h" />
		<Unit filename="include/renderer.h" />
		<Unit filename="include/spriteloader.h" />
		<Unit filename="include/timer.h" />
		<Unit filename="include/weapon.h" />
		<Unit filename="main.cpp" />
		<Unit filename="src/Heroes/mccree.cpp" />
		<Unit filename="src/Projectiles/peacemakerbullet.cpp" />
		<Unit filename="src/Weapons/peacemaker.cpp" />
		<Unit filename="src/animation.cpp" />
		<Unit filename="src/character.cpp" />
		<Unit filename="src/engine.cpp" />
		<Unit filename="src/gamestate.cpp" />
		<Unit filename="src/inputcatcher.cpp" />
		<Unit filename="src/map.cpp" />
		<Unit filename="src/movingentity.cpp" />
		<Unit filename="src/player.cpp" />
		<Unit filename="src/projectile.cpp" />
		<Unit filename="src/renderer.cpp" />
		<Unit filename="src/spriteloader.cpp" />
		<Unit filename="src/timer.cpp" />
		<Unit filename="src/weapon.cpp" />
		<Extensions>
			<code_completion />
			<envvars />
			<debugger />
			<lib_finder disable_auto="1" />
		</Extensions>
	</Project>
</CodeBlocks_project_file>
