<?xml version="1.0" encoding="UTF-8"?>
<CodeBlocks_project_file>
	<FileVersion major="1" minor="6"/>
	<Project>
		<Option title="Vanguard"/>
		<Option makefile_is_custom="1"/>
		<Option compiler="gcc"/>
		<Option virtualFolders="CMake Files\;CMake Files\..\;CMake Files\..\..\;CMake Files\..\..\..\;CMake Files\..\..\..\..\;CMake Files\..\..\..\..\usr\;CMake Files\..\..\..\..\usr\local\;CMake Files\..\..\..\..\usr\local\lib\;CMake Files\..\..\..\..\usr\local\lib\cmake\;CMake Files\..\..\..\..\usr\local\lib\cmake\SFML\;CMake Files\CmakeModules\;"/>
		<Build>
			<Target title="all">
				<Option working_dir="/home/orpheon/Programming/Vanguard"/>
				<Option type="4"/>
				<MakeCommands>
					<Build command="/usr/bin/make -j4 -f &quot;/home/orpheon/Programming/Vanguard/Makefile&quot;  VERBOSE=1 all"/>
					<CompileFile command="/usr/bin/make -j4 -f &quot;/home/orpheon/Programming/Vanguard/Makefile&quot;  VERBOSE=1 &quot;$file&quot;"/>
					<Clean command="/usr/bin/make -j4 -f &quot;/home/orpheon/Programming/Vanguard/Makefile&quot;  VERBOSE=1 clean"/>
					<DistClean command="/usr/bin/make -j4 -f &quot;/home/orpheon/Programming/Vanguard/Makefile&quot;  VERBOSE=1 clean"/>
				</MakeCommands>
			</Target>
			<Target title="rebuild_cache">
				<Option working_dir="/home/orpheon/Programming/Vanguard"/>
				<Option type="4"/>
				<MakeCommands>
					<Build command="/usr/bin/make -j4 -f &quot;/home/orpheon/Programming/Vanguard/Makefile&quot;  VERBOSE=1 rebuild_cache"/>
					<CompileFile command="/usr/bin/make -j4 -f &quot;/home/orpheon/Programming/Vanguard/Makefile&quot;  VERBOSE=1 &quot;$file&quot;"/>
					<Clean command="/usr/bin/make -j4 -f &quot;/home/orpheon/Programming/Vanguard/Makefile&quot;  VERBOSE=1 clean"/>
					<DistClean command="/usr/bin/make -j4 -f &quot;/home/orpheon/Programming/Vanguard/Makefile&quot;  VERBOSE=1 clean"/>
				</MakeCommands>
			</Target>
			<Target title="edit_cache">
				<Option working_dir="/home/orpheon/Programming/Vanguard"/>
				<Option type="4"/>
				<MakeCommands>
					<Build command="/usr/bin/make -j4 -f &quot;/home/orpheon/Programming/Vanguard/Makefile&quot;  VERBOSE=1 edit_cache"/>
					<CompileFile command="/usr/bin/make -j4 -f &quot;/home/orpheon/Programming/Vanguard/Makefile&quot;  VERBOSE=1 &quot;$file&quot;"/>
					<Clean command="/usr/bin/make -j4 -f &quot;/home/orpheon/Programming/Vanguard/Makefile&quot;  VERBOSE=1 clean"/>
					<DistClean command="/usr/bin/make -j4 -f &quot;/home/orpheon/Programming/Vanguard/Makefile&quot;  VERBOSE=1 clean"/>
				</MakeCommands>
			</Target>
			<Target title="Vanguard">
				<Option output="/home/orpheon/Programming/Vanguard/Vanguard" prefix_auto="0" extension_auto="0"/>
				<Option working_dir="/home/orpheon/Programming/Vanguard"/>
				<Option object_output="./"/>
				<Option type="1"/>
				<Option compiler="gcc"/>
				<Compiler>
					<Add option="-DASIO_STANDALONE"/>
					<Add option="-DGUID_LIBUUID"/>
					<Add directory="/usr/include/uuid"/>
					<Add directory="/home/orpheon/Programming/Vanguard/include"/>
					<Add directory="/usr/local/include"/>
					<Add directory="/usr/include/c++/7"/>
					<Add directory="/usr/include/x86_64-linux-gnu/c++/7"/>
					<Add directory="/usr/include/c++/7/backward"/>
					<Add directory="/usr/lib/gcc/x86_64-linux-gnu/7/include"/>
					<Add directory="/usr/lib/gcc/x86_64-linux-gnu/7/include-fixed"/>
					<Add directory="/usr/include/x86_64-linux-gnu"/>
					<Add directory="/usr/include"/>
				</Compiler>
				<MakeCommands>
					<Build command="/usr/bin/make -j4 -f &quot;/home/orpheon/Programming/Vanguard/Makefile&quot;  VERBOSE=1 Vanguard"/>
					<CompileFile command="/usr/bin/make -j4 -f &quot;/home/orpheon/Programming/Vanguard/Makefile&quot;  VERBOSE=1 &quot;$file&quot;"/>
					<Clean command="/usr/bin/make -j4 -f &quot;/home/orpheon/Programming/Vanguard/Makefile&quot;  VERBOSE=1 clean"/>
					<DistClean command="/usr/bin/make -j4 -f &quot;/home/orpheon/Programming/Vanguard/Makefile&quot;  VERBOSE=1 clean"/>
				</MakeCommands>
			</Target>
			<Target title="Vanguard/fast">
				<Option output="/home/orpheon/Programming/Vanguard/Vanguard" prefix_auto="0" extension_auto="0"/>
				<Option working_dir="/home/orpheon/Programming/Vanguard"/>
				<Option object_output="./"/>
				<Option type="1"/>
				<Option compiler="gcc"/>
				<Compiler>
					<Add option="-DASIO_STANDALONE"/>
					<Add option="-DGUID_LIBUUID"/>
					<Add directory="/usr/include/uuid"/>
					<Add directory="/home/orpheon/Programming/Vanguard/include"/>
					<Add directory="/usr/local/include"/>
					<Add directory="/usr/include/c++/7"/>
					<Add directory="/usr/include/x86_64-linux-gnu/c++/7"/>
					<Add directory="/usr/include/c++/7/backward"/>
					<Add directory="/usr/lib/gcc/x86_64-linux-gnu/7/include"/>
					<Add directory="/usr/lib/gcc/x86_64-linux-gnu/7/include-fixed"/>
					<Add directory="/usr/include/x86_64-linux-gnu"/>
					<Add directory="/usr/include"/>
				</Compiler>
				<MakeCommands>
					<Build command="/usr/bin/make -j4 -f &quot;/home/orpheon/Programming/Vanguard/Makefile&quot;  VERBOSE=1 Vanguard/fast"/>
					<CompileFile command="/usr/bin/make -j4 -f &quot;/home/orpheon/Programming/Vanguard/Makefile&quot;  VERBOSE=1 &quot;$file&quot;"/>
					<Clean command="/usr/bin/make -j4 -f &quot;/home/orpheon/Programming/Vanguard/Makefile&quot;  VERBOSE=1 clean"/>
					<DistClean command="/usr/bin/make -j4 -f &quot;/home/orpheon/Programming/Vanguard/Makefile&quot;  VERBOSE=1 clean"/>
				</MakeCommands>
			</Target>
		</Build>
		<Unit filename="/home/orpheon/Programming/Vanguard/main.cpp">
			<Option target="Vanguard"/>
		</Unit>
		<Unit filename="/home/orpheon/Programming/Vanguard/src/animation.cpp">
			<Option target="Vanguard"/>
		</Unit>
		<Unit filename="/home/orpheon/Programming/Vanguard/src/backward-stacktrace/backward.cpp">
			<Option target="Vanguard"/>
		</Unit>
		<Unit filename="/home/orpheon/Programming/Vanguard/src/configloader.cpp">
			<Option target="Vanguard"/>
		</Unit>
		<Unit filename="/home/orpheon/Programming/Vanguard/src/engine.cpp">
			<Option target="Vanguard"/>
		</Unit>
		<Unit filename="/home/orpheon/Programming/Vanguard/src/entity.cpp">
			<Option target="Vanguard"/>
		</Unit>
		<Unit filename="/home/orpheon/Programming/Vanguard/src/gamestate.cpp">
			<Option target="Vanguard"/>
		</Unit>
		<Unit filename="/home/orpheon/Programming/Vanguard/src/global.cpp">
			<Option target="Vanguard"/>
		</Unit>
		<Unit filename="/home/orpheon/Programming/Vanguard/src/ingameelements/character.cpp">
			<Option target="Vanguard"/>
		</Unit>
		<Unit filename="/home/orpheon/Programming/Vanguard/src/ingameelements/clipweapon.cpp">
			<Option target="Vanguard"/>
		</Unit>
		<Unit filename="/home/orpheon/Programming/Vanguard/src/ingameelements/corpse.cpp">
			<Option target="Vanguard"/>
		</Unit>
		<Unit filename="/home/orpheon/Programming/Vanguard/src/ingameelements/explosion.cpp">
			<Option target="Vanguard"/>
		</Unit>
		<Unit filename="/home/orpheon/Programming/Vanguard/src/ingameelements/gamemodes/gamemodemanager.cpp">
			<Option target="Vanguard"/>
		</Unit>
		<Unit filename="/home/orpheon/Programming/Vanguard/src/ingameelements/gamemodes/kothmanager.cpp">
			<Option target="Vanguard"/>
		</Unit>
		<Unit filename="/home/orpheon/Programming/Vanguard/src/ingameelements/health.cpp">
			<Option target="Vanguard"/>
		</Unit>
		<Unit filename="/home/orpheon/Programming/Vanguard/src/ingameelements/heroes/lucio.cpp">
			<Option target="Vanguard"/>
		</Unit>
		<Unit filename="/home/orpheon/Programming/Vanguard/src/ingameelements/heroes/mccree.cpp">
			<Option target="Vanguard"/>
		</Unit>
		<Unit filename="/home/orpheon/Programming/Vanguard/src/ingameelements/heroes/reinhardt.cpp">
			<Option target="Vanguard"/>
		</Unit>
		<Unit filename="/home/orpheon/Programming/Vanguard/src/ingameelements/heroes/soldier76.cpp">
			<Option target="Vanguard"/>
		</Unit>
		<Unit filename="/home/orpheon/Programming/Vanguard/src/ingameelements/map.cpp">
			<Option target="Vanguard"/>
		</Unit>
		<Unit filename="/home/orpheon/Programming/Vanguard/src/ingameelements/movingentity.cpp">
			<Option target="Vanguard"/>
		</Unit>
		<Unit filename="/home/orpheon/Programming/Vanguard/src/ingameelements/player.cpp">
			<Option target="Vanguard"/>
		</Unit>
		<Unit filename="/home/orpheon/Programming/Vanguard/src/ingameelements/projectile.cpp">
			<Option target="Vanguard"/>
		</Unit>
		<Unit filename="/home/orpheon/Programming/Vanguard/src/ingameelements/projectiles/earthshatter.cpp">
			<Option target="Vanguard"/>
		</Unit>
		<Unit filename="/home/orpheon/Programming/Vanguard/src/ingameelements/projectiles/firestrike.cpp">
			<Option target="Vanguard"/>
		</Unit>
		<Unit filename="/home/orpheon/Programming/Vanguard/src/ingameelements/projectiles/flashbang.cpp">
			<Option target="Vanguard"/>
		</Unit>
		<Unit filename="/home/orpheon/Programming/Vanguard/src/ingameelements/projectiles/sonicproj.cpp">
			<Option target="Vanguard"/>
		</Unit>
		<Unit filename="/home/orpheon/Programming/Vanguard/src/ingameelements/shield.cpp">
			<Option target="Vanguard"/>
		</Unit>
		<Unit filename="/home/orpheon/Programming/Vanguard/src/ingameelements/trail.cpp">
			<Option target="Vanguard"/>
		</Unit>
		<Unit filename="/home/orpheon/Programming/Vanguard/src/ingameelements/weapon.cpp">
			<Option target="Vanguard"/>
		</Unit>
		<Unit filename="/home/orpheon/Programming/Vanguard/src/ingameelements/weapons/hammer.cpp">
			<Option target="Vanguard"/>
		</Unit>
		<Unit filename="/home/orpheon/Programming/Vanguard/src/ingameelements/weapons/peacemaker.cpp">
			<Option target="Vanguard"/>
		</Unit>
		<Unit filename="/home/orpheon/Programming/Vanguard/src/ingameelements/weapons/pulserifle.cpp">
			<Option target="Vanguard"/>
		</Unit>
		<Unit filename="/home/orpheon/Programming/Vanguard/src/ingameelements/weapons/reinhardtshield.cpp">
			<Option target="Vanguard"/>
		</Unit>
		<Unit filename="/home/orpheon/Programming/Vanguard/src/ingameelements/weapons/sonicamp.cpp">
			<Option target="Vanguard"/>
		</Unit>
		<Unit filename="/home/orpheon/Programming/Vanguard/src/inputcatcher.cpp">
			<Option target="Vanguard"/>
		</Unit>
		<Unit filename="/home/orpheon/Programming/Vanguard/src/mapelements/controlpoint.cpp">
			<Option target="Vanguard"/>
		</Unit>
		<Unit filename="/home/orpheon/Programming/Vanguard/src/mapelements/spawnroom.cpp">
			<Option target="Vanguard"/>
		</Unit>
		<Unit filename="/home/orpheon/Programming/Vanguard/src/maskloader.cpp">
			<Option target="Vanguard"/>
		</Unit>
		<Unit filename="/home/orpheon/Programming/Vanguard/src/networking/buffer.cpp">
			<Option target="Vanguard"/>
		</Unit>
		<Unit filename="/home/orpheon/Programming/Vanguard/src/networking/clientnetworker.cpp">
			<Option target="Vanguard"/>
		</Unit>
		<Unit filename="/home/orpheon/Programming/Vanguard/src/networking/networker.cpp">
			<Option target="Vanguard"/>
		</Unit>
		<Unit filename="/home/orpheon/Programming/Vanguard/src/networking/servernetworker.cpp">
			<Option target="Vanguard"/>
		</Unit>
		<Unit filename="/home/orpheon/Programming/Vanguard/src/networking/uuid.cpp">
			<Option target="Vanguard"/>
		</Unit>
		<Unit filename="/home/orpheon/Programming/Vanguard/src/renderer.cpp">
			<Option target="Vanguard"/>
		</Unit>
		<Unit filename="/home/orpheon/Programming/Vanguard/src/spriteloader.cpp">
			<Option target="Vanguard"/>
		</Unit>
		<Unit filename="/home/orpheon/Programming/Vanguard/src/timer.cpp">
			<Option target="Vanguard"/>
		</Unit>
		<Unit filename="/home/orpheon/Programming/Vanguard/src/visuals/defaulthud.cpp">
			<Option target="Vanguard"/>
		</Unit>
		<Unit filename="/home/orpheon/Programming/Vanguard/src/visuals/lobbymenu.cpp">
			<Option target="Vanguard"/>
		</Unit>
		<Unit filename="/home/orpheon/Programming/Vanguard/src/visuals/mainmenu.cpp">
			<Option target="Vanguard"/>
		</Unit>
		<Unit filename="/home/orpheon/Programming/Vanguard/src/visuals/mainmenubutton.cpp">
			<Option target="Vanguard"/>
		</Unit>
		<Unit filename="/home/orpheon/Programming/Vanguard/src/visuals/menuanimation.cpp">
			<Option target="Vanguard"/>
		</Unit>
		<Unit filename="/home/orpheon/Programming/Vanguard/src/visuals/menucontainer.cpp">
			<Option target="Vanguard"/>
		</Unit>
		<Unit filename="/home/orpheon/Programming/Vanguard/src/visuals/optionsmenu.cpp">
			<Option target="Vanguard"/>
		</Unit>
		<Unit filename="/home/orpheon/Programming/Vanguard/CMakeLists.txt">
			<Option virtualFolder="CMake Files\"/>
		</Unit>
		<Unit filename="/home/orpheon/Programming/Vanguard/../../../../usr/local/lib/cmake/SFML/SFMLConfigVersion.cmake">
			<Option virtualFolder="CMake Files\..\..\..\..\usr\local\lib\cmake\SFML\"/>
		</Unit>
		<Unit filename="/home/orpheon/Programming/Vanguard/../../../../usr/local/lib/cmake/SFML/SFMLConfig.cmake">
			<Option virtualFolder="CMake Files\..\..\..\..\usr\local\lib\cmake\SFML\"/>
		</Unit>
		<Unit filename="/home/orpheon/Programming/Vanguard/../../../../usr/local/lib/cmake/SFML/SFMLSharedTargets.cmake">
			<Option virtualFolder="CMake Files\..\..\..\..\usr\local\lib\cmake\SFML\"/>
		</Unit>
		<Unit filename="/home/orpheon/Programming/Vanguard/../../../../usr/local/lib/cmake/SFML/SFMLSharedTargets-release.cmake">
			<Option virtualFolder="CMake Files\..\..\..\..\usr\local\lib\cmake\SFML\"/>
		</Unit>
		<Unit filename="/home/orpheon/Programming/Vanguard/../../../../usr/local/lib/cmake/SFML/SFMLConfigDependencies.cmake">
			<Option virtualFolder="CMake Files\..\..\..\..\usr\local\lib\cmake\SFML\"/>
		</Unit>
		<Unit filename="/home/orpheon/Programming/Vanguard/CmakeModules/FindLibUUID.cmake">
			<Option virtualFolder="CMake Files\CmakeModules\"/>
		</Unit>
	</Project>
</CodeBlocks_project_file>
