<?xml version="1.0" encoding="UTF-8"?>
<CodeBlocks_project_file>
	<FileVersion major="1" minor="6"/>
	<Project>
		<Option title="Vanguard"/>
		<Option makefile_is_custom="1"/>
		<Option compiler="gcc"/>
		<Option virtualFolders="CMake Files\;"/>
		<Build>
			<Target title="all">
				<Option working_dir="/home/orpheon/Programming/C++/Vanguard"/>
				<Option type="4"/>
				<MakeCommands>
					<Build command="/usr/bin/make -j8 -f &quot;/home/orpheon/Programming/C++/Vanguard/Makefile&quot;  VERBOSE=1 all"/>
					<CompileFile command="/usr/bin/make -j8 -f &quot;/home/orpheon/Programming/C++/Vanguard/Makefile&quot;  VERBOSE=1 &quot;$file&quot;"/>
					<Clean command="/usr/bin/make -j8 -f &quot;/home/orpheon/Programming/C++/Vanguard/Makefile&quot;  VERBOSE=1 clean"/>
					<DistClean command="/usr/bin/make -j8 -f &quot;/home/orpheon/Programming/C++/Vanguard/Makefile&quot;  VERBOSE=1 clean"/>
				</MakeCommands>
			</Target>
			<Target title="edit_cache">
				<Option working_dir="/home/orpheon/Programming/C++/Vanguard"/>
				<Option type="4"/>
				<MakeCommands>
					<Build command="/usr/bin/make -j8 -f &quot;/home/orpheon/Programming/C++/Vanguard/Makefile&quot;  VERBOSE=1 edit_cache"/>
					<CompileFile command="/usr/bin/make -j8 -f &quot;/home/orpheon/Programming/C++/Vanguard/Makefile&quot;  VERBOSE=1 &quot;$file&quot;"/>
					<Clean command="/usr/bin/make -j8 -f &quot;/home/orpheon/Programming/C++/Vanguard/Makefile&quot;  VERBOSE=1 clean"/>
					<DistClean command="/usr/bin/make -j8 -f &quot;/home/orpheon/Programming/C++/Vanguard/Makefile&quot;  VERBOSE=1 clean"/>
				</MakeCommands>
			</Target>
			<Target title="rebuild_cache">
				<Option working_dir="/home/orpheon/Programming/C++/Vanguard"/>
				<Option type="4"/>
				<MakeCommands>
					<Build command="/usr/bin/make -j8 -f &quot;/home/orpheon/Programming/C++/Vanguard/Makefile&quot;  VERBOSE=1 rebuild_cache"/>
					<CompileFile command="/usr/bin/make -j8 -f &quot;/home/orpheon/Programming/C++/Vanguard/Makefile&quot;  VERBOSE=1 &quot;$file&quot;"/>
					<Clean command="/usr/bin/make -j8 -f &quot;/home/orpheon/Programming/C++/Vanguard/Makefile&quot;  VERBOSE=1 clean"/>
					<DistClean command="/usr/bin/make -j8 -f &quot;/home/orpheon/Programming/C++/Vanguard/Makefile&quot;  VERBOSE=1 clean"/>
				</MakeCommands>
			</Target>
			<Target title="Vanguard">
				<Option output="/home/orpheon/Programming/C++/Vanguard/Vanguard" prefix_auto="0" extension_auto="0"/>
				<Option working_dir="/home/orpheon/Programming/C++/Vanguard"/>
				<Option object_output="./"/>
				<Option type="1"/>
				<Option compiler="gcc"/>
				<Compiler>
					<Add directory="/home/orpheon/Programming/C++/Vanguard/include"/>
					<Add directory="/usr/lib/gcc/x86_64-linux-gnu/5/include"/>
					<Add directory="/usr/local/include"/>
					<Add directory="/usr/lib/gcc/x86_64-linux-gnu/5/include-fixed"/>
					<Add directory="/usr/include/x86_64-linux-gnu"/>
					<Add directory="/usr/include"/>
					<Add directory="/usr/include/c++/5"/>
					<Add directory="/usr/include/x86_64-linux-gnu/c++/5"/>
					<Add directory="/usr/include/c++/5/backward"/>
				</Compiler>
				<MakeCommands>
					<Build command="/usr/bin/make -j8 -f &quot;/home/orpheon/Programming/C++/Vanguard/Makefile&quot;  VERBOSE=1 Vanguard"/>
					<CompileFile command="/usr/bin/make -j8 -f &quot;/home/orpheon/Programming/C++/Vanguard/Makefile&quot;  VERBOSE=1 &quot;$file&quot;"/>
					<Clean command="/usr/bin/make -j8 -f &quot;/home/orpheon/Programming/C++/Vanguard/Makefile&quot;  VERBOSE=1 clean"/>
					<DistClean command="/usr/bin/make -j8 -f &quot;/home/orpheon/Programming/C++/Vanguard/Makefile&quot;  VERBOSE=1 clean"/>
				</MakeCommands>
			</Target>
			<Target title="Vanguard/fast">
				<Option output="/home/orpheon/Programming/C++/Vanguard/Vanguard" prefix_auto="0" extension_auto="0"/>
				<Option working_dir="/home/orpheon/Programming/C++/Vanguard"/>
				<Option object_output="./"/>
				<Option type="1"/>
				<Option compiler="gcc"/>
				<Compiler>
					<Add directory="/home/orpheon/Programming/C++/Vanguard/include"/>
					<Add directory="/usr/lib/gcc/x86_64-linux-gnu/5/include"/>
					<Add directory="/usr/local/include"/>
					<Add directory="/usr/lib/gcc/x86_64-linux-gnu/5/include-fixed"/>
					<Add directory="/usr/include/x86_64-linux-gnu"/>
					<Add directory="/usr/include"/>
					<Add directory="/usr/include/c++/5"/>
					<Add directory="/usr/include/x86_64-linux-gnu/c++/5"/>
					<Add directory="/usr/include/c++/5/backward"/>
				</Compiler>
				<MakeCommands>
					<Build command="/usr/bin/make -j8 -f &quot;/home/orpheon/Programming/C++/Vanguard/Makefile&quot;  VERBOSE=1 Vanguard/fast"/>
					<CompileFile command="/usr/bin/make -j8 -f &quot;/home/orpheon/Programming/C++/Vanguard/Makefile&quot;  VERBOSE=1 &quot;$file&quot;"/>
					<Clean command="/usr/bin/make -j8 -f &quot;/home/orpheon/Programming/C++/Vanguard/Makefile&quot;  VERBOSE=1 clean"/>
					<DistClean command="/usr/bin/make -j8 -f &quot;/home/orpheon/Programming/C++/Vanguard/Makefile&quot;  VERBOSE=1 clean"/>
				</MakeCommands>
			</Target>
		</Build>
		<Unit filename="/home/orpheon/Programming/C++/Vanguard/include/global.h">
			<Option target="Vanguard"/>
		</Unit>
		<Unit filename="/home/orpheon/Programming/C++/Vanguard/include/ingameelements/shield.h">
			<Option target="Vanguard"/>
		</Unit>
		<Unit filename="/home/orpheon/Programming/C++/Vanguard/include/logging.h">
			<Option target="Vanguard"/>
		</Unit>
		<Unit filename="/home/orpheon/Programming/C++/Vanguard/main.cpp">
			<Option target="Vanguard"/>
		</Unit>
		<Unit filename="/home/orpheon/Programming/C++/Vanguard/src/animation.cpp">
			<Option target="Vanguard"/>
		</Unit>
		<Unit filename="/home/orpheon/Programming/C++/Vanguard/src/configloader.cpp">
			<Option target="Vanguard"/>
		</Unit>
		<Unit filename="/home/orpheon/Programming/C++/Vanguard/src/engine.cpp">
			<Option target="Vanguard"/>
		</Unit>
		<Unit filename="/home/orpheon/Programming/C++/Vanguard/src/entity.cpp">
			<Option target="Vanguard"/>
		</Unit>
		<Unit filename="/home/orpheon/Programming/C++/Vanguard/src/gamestate.cpp">
			<Option target="Vanguard"/>
		</Unit>
		<Unit filename="/home/orpheon/Programming/C++/Vanguard/src/global.cpp">
			<Option target="Vanguard"/>
		</Unit>
		<Unit filename="/home/orpheon/Programming/C++/Vanguard/src/ingameelements/character.cpp">
			<Option target="Vanguard"/>
		</Unit>
		<Unit filename="/home/orpheon/Programming/C++/Vanguard/src/ingameelements/clipweapon.cpp">
			<Option target="Vanguard"/>
		</Unit>
		<Unit filename="/home/orpheon/Programming/C++/Vanguard/src/ingameelements/corpse.cpp">
			<Option target="Vanguard"/>
		</Unit>
		<Unit filename="/home/orpheon/Programming/C++/Vanguard/src/ingameelements/explosion.cpp">
			<Option target="Vanguard"/>
		</Unit>
		<Unit filename="/home/orpheon/Programming/C++/Vanguard/src/ingameelements/heroes/mccree.cpp">
			<Option target="Vanguard"/>
		</Unit>
		<Unit filename="/home/orpheon/Programming/C++/Vanguard/src/ingameelements/heroes/reinhardt.cpp">
			<Option target="Vanguard"/>
		</Unit>
		<Unit filename="/home/orpheon/Programming/C++/Vanguard/src/ingameelements/map.cpp">
			<Option target="Vanguard"/>
		</Unit>
		<Unit filename="/home/orpheon/Programming/C++/Vanguard/src/ingameelements/movingentity.cpp">
			<Option target="Vanguard"/>
		</Unit>
		<Unit filename="/home/orpheon/Programming/C++/Vanguard/src/ingameelements/player.cpp">
			<Option target="Vanguard"/>
		</Unit>
		<Unit filename="/home/orpheon/Programming/C++/Vanguard/src/ingameelements/projectile.cpp">
			<Option target="Vanguard"/>
		</Unit>
		<Unit filename="/home/orpheon/Programming/C++/Vanguard/src/ingameelements/projectiles/flashbang.cpp">
			<Option target="Vanguard"/>
		</Unit>
		<Unit filename="/home/orpheon/Programming/C++/Vanguard/src/ingameelements/shield.cpp">
			<Option target="Vanguard"/>
		</Unit>
		<Unit filename="/home/orpheon/Programming/C++/Vanguard/src/ingameelements/spawnroom.cpp">
			<Option target="Vanguard"/>
		</Unit>
		<Unit filename="/home/orpheon/Programming/C++/Vanguard/src/ingameelements/trail.cpp">
			<Option target="Vanguard"/>
		</Unit>
		<Unit filename="/home/orpheon/Programming/C++/Vanguard/src/ingameelements/weapon.cpp">
			<Option target="Vanguard"/>
		</Unit>
		<Unit filename="/home/orpheon/Programming/C++/Vanguard/src/ingameelements/weapons/hammer.cpp">
			<Option target="Vanguard"/>
		</Unit>
		<Unit filename="/home/orpheon/Programming/C++/Vanguard/src/ingameelements/weapons/peacemaker.cpp">
			<Option target="Vanguard"/>
		</Unit>
		<Unit filename="/home/orpheon/Programming/C++/Vanguard/src/inputcatcher.cpp">
			<Option target="Vanguard"/>
		</Unit>
		<Unit filename="/home/orpheon/Programming/C++/Vanguard/src/mainmenu.cpp">
			<Option target="Vanguard"/>
		</Unit>
		<Unit filename="/home/orpheon/Programming/C++/Vanguard/src/networking/buffer.cpp">
			<Option target="Vanguard"/>
		</Unit>
		<Unit filename="/home/orpheon/Programming/C++/Vanguard/src/networking/clientnetworker.cpp">
			<Option target="Vanguard"/>
		</Unit>
		<Unit filename="/home/orpheon/Programming/C++/Vanguard/src/networking/networker.cpp">
			<Option target="Vanguard"/>
		</Unit>
		<Unit filename="/home/orpheon/Programming/C++/Vanguard/src/networking/servernetworker.cpp">
			<Option target="Vanguard"/>
		</Unit>
		<Unit filename="/home/orpheon/Programming/C++/Vanguard/src/renderer.cpp">
			<Option target="Vanguard"/>
		</Unit>
		<Unit filename="/home/orpheon/Programming/C++/Vanguard/src/spriteloader.cpp">
			<Option target="Vanguard"/>
		</Unit>
		<Unit filename="/home/orpheon/Programming/C++/Vanguard/src/timer.cpp">
			<Option target="Vanguard"/>
		</Unit>
		<Unit filename="/home/orpheon/Programming/C++/Vanguard/CMakeLists.txt">
			<Option virtualFolder="CMake Files\"/>
		</Unit>
	</Project>
</CodeBlocks_project_file>
